
Microsoft Visual Studio Solution File, Format Version 12.00
# Visual Studio 14
VisualStudioVersion = 14.0.25420.1
MinimumVisualStudioVersion = 10.0.40219.1
Project("{2150E333-8FDC-42A3-9474-1A3956D46DE8}") = "src", "src", "{AE736854-1E29-42CF-8860-54FF65F1BE6F}"
EndProject
Project("{2150E333-8FDC-42A3-9474-1A3956D46DE8}") = "Solution Items", "Solution Items", "{05ED8CFA-CC61-42D1-80EA-174A212E55AD}"
	ProjectSection(SolutionItems) = preProject
		global.json = global.json
	EndProjectSection
EndProject
Project("{8BB2217D-0F2D-49D1-97BC-3654ED321F3B}") = "GIT1", "src\GIT1\GIT1.xproj", "{187ABD2D-AEAF-4AF7-845D-B7FC592D84B0}"
EndProject
Global
	GlobalSection(SolutionConfigurationPlatforms) = preSolution
		Debug|Any CPU = Debug|Any CPU
		Release|Any CPU = Release|Any CPU
	EndGlobalSection
	GlobalSection(ProjectConfigurationPlatforms) = postSolution
		{187ABD2D-AEAF-4AF7-845D-B7FC592D84B0}.Debug|Any CPU.ActiveCfg = Debug|Any CPU
		{187ABD2D-AEAF-4AF7-845D-B7FC592D84B0}.Debug|Any CPU.Build.0 = Debug|Any CPU
		{187ABD2D-AEAF-4AF7-845D-B7FC592D84B0}.Release|Any CPU.ActiveCfg = Release|Any CPU
		{187ABD2D-AEAF-4AF7-845D-B7FC592D84B0}.Release|Any CPU.Build.0 = Release|Any CPU
	EndGlobalSection
	GlobalSection(SolutionProperties) = preSolution
		HideSolutionNode = FALSE
	EndGlobalSection
	GlobalSection(NestedProjects) = preSolution
		{187ABD2D-AEAF-4AF7-845D-B7FC592D84B0} = {AE736854-1E29-42CF-8860-54FF65F1BE6F}
	EndGlobalSection
EndGlobal
